
Microsoft Visual Studio Solution File, Format Version 12.00
# Visual Studio Version 17
VisualStudioVersion = 17.2.32616.157
MinimumVisualStudioVersion = 10.0.40219.1
Project("{FAE04EC0-301F-11D3-BF4B-00C04F79EFBC}") = "FriendOrganizer.UI", "FriendOrganizer.UI\FriendOrganizer.UI.csproj", "{E22F23BA-9D19-4F08-AF87-A8A913911D1A}"
EndProject
Project("{FAE04EC0-301F-11D3-BF4B-00C04F79EFBC}") = "FriendOrganizer.Infra.DataAccess", "FriendOrganizer.Infra.DataAccess\FriendOrganizer.Infra.DataAccess.csproj", "{63CC5941-AD94-42A8-B926-424E7B7857D8}"
EndProject
Project("{FAE04EC0-301F-11D3-BF4B-00C04F79EFBC}") = "FriendOrganizer.Core", "FriendOrganizer.Core\FriendOrganizer.Core.csproj", "{6228EDCB-C143-425C-928D-449B63A3C7FD}"
EndProject
Global
	GlobalSection(SolutionConfigurationPlatforms) = preSolution
		Debug|Any CPU = Debug|Any CPU
		Release|Any CPU = Release|Any CPU
	EndGlobalSection
	GlobalSection(ProjectConfigurationPlatforms) = postSolution
		{E22F23BA-9D19-4F08-AF87-A8A913911D1A}.Debug|Any CPU.ActiveCfg = Debug|Any CPU
		{E22F23BA-9D19-4F08-AF87-A8A913911D1A}.Debug|Any CPU.Build.0 = Debug|Any CPU
		{E22F23BA-9D19-4F08-AF87-A8A913911D1A}.Release|Any CPU.ActiveCfg = Release|Any CPU
		{E22F23BA-9D19-4F08-AF87-A8A913911D1A}.Release|Any CPU.Build.0 = Release|Any CPU
		{63CC5941-AD94-42A8-B926-424E7B7857D8}.Debug|Any CPU.ActiveCfg = Debug|Any CPU
		{63CC5941-AD94-42A8-B926-424E7B7857D8}.Debug|Any CPU.Build.0 = Debug|Any CPU
		{63CC5941-AD94-42A8-B926-424E7B7857D8}.Release|Any CPU.ActiveCfg = Release|Any CPU
		{63CC5941-AD94-42A8-B926-424E7B7857D8}.Release|Any CPU.Build.0 = Release|Any CPU
		{6228EDCB-C143-425C-928D-449B63A3C7FD}.Debug|Any CPU.ActiveCfg = Debug|Any CPU
		{6228EDCB-C143-425C-928D-449B63A3C7FD}.Debug|Any CPU.Build.0 = Debug|Any CPU
		{6228EDCB-C143-425C-928D-449B63A3C7FD}.Release|Any CPU.ActiveCfg = Release|Any CPU
		{6228EDCB-C143-425C-928D-449B63A3C7FD}.Release|Any CPU.Build.0 = Release|Any CPU
	EndGlobalSection
	GlobalSection(SolutionProperties) = preSolution
		HideSolutionNode = FALSE
	EndGlobalSection
	GlobalSection(ExtensibilityGlobals) = postSolution
		SolutionGuid = {6F32E7EB-F425-477A-B091-34FF1AFF5D07}
	EndGlobalSection
EndGlobal
